
Microsoft Visual Studio Solution File, Format Version 12.00
# Visual Studio 15
VisualStudioVersion = 15.0.28010.2016
MinimumVisualStudioVersion = 10.0.40219.1
Project("{9A19103F-16F7-4668-BE54-9A1E7A4F7556}") = "AngElecCore", "AngElecCore.csproj", "{46045B17-1F0C-47B7-85D1-91C99EA15026}"
EndProject
Global
	GlobalSection(SolutionConfigurationPlatforms) = preSolution
		Debug|Any CPU = Debug|Any CPU
		Release|Any CPU = Release|Any CPU
	EndGlobalSection
	GlobalSection(ProjectConfigurationPlatforms) = postSolution
		{46045B17-1F0C-47B7-85D1-91C99EA15026}.Debug|Any CPU.ActiveCfg = Debug|Any CPU
		{46045B17-1F0C-47B7-85D1-91C99EA15026}.Debug|Any CPU.Build.0 = Debug|Any CPU
		{46045B17-1F0C-47B7-85D1-91C99EA15026}.Release|Any CPU.ActiveCfg = Release|Any CPU
		{46045B17-1F0C-47B7-85D1-91C99EA15026}.Release|Any CPU.Build.0 = Release|Any CPU
	EndGlobalSection
	GlobalSection(SolutionProperties) = preSolution
		HideSolutionNode = FALSE
	EndGlobalSection
	GlobalSection(ExtensibilityGlobals) = postSolution
		SolutionGuid = {D84F9B92-07FF-4019-A679-A21CBBD6F0FB}
	EndGlobalSection
EndGlobal
